Microsoft Visual Studio Solution File, Format Version 12.00
# Visual Studio Version 17
VisualStudioVersion = 17.5.2.0
MinimumVisualStudioVersion = 10.0.40219.1
Project("{FAE04EC0-301F-11D3-BF4B-00C04F79EFBC}") = "ASP.NET Core Web API .NET 8", "ASP.NET Core Web API .NET 8.csproj", "{C9E5C821-2DD6-426A-46AF-E7CC7E784394}"
EndProject
Global
	GlobalSection(SolutionConfigurationPlatforms) = preSolution
		Debug|Any CPU = Debug|Any CPU
		Release|Any CPU = Release|Any CPU
	EndGlobalSection
	GlobalSection(ProjectConfigurationPlatforms) = postSolution
		{C9E5C821-2DD6-426A-46AF-E7CC7E784394}.Debug|Any CPU.ActiveCfg = Debug|Any CPU
		{C9E5C821-2DD6-426A-46AF-E7CC7E784394}.Debug|Any CPU.Build.0 = Debug|Any CPU
		{C9E5C821-2DD6-426A-46AF-E7CC7E784394}.Release|Any CPU.ActiveCfg = Release|Any CPU
		{C9E5C821-2DD6-426A-46AF-E7CC7E784394}.Release|Any CPU.Build.0 = Release|Any CPU
	EndGlobalSection
	GlobalSection(SolutionProperties) = preSolution
		HideSolutionNode = FALSE
	EndGlobalSection
	GlobalSection(ExtensibilityGlobals) = postSolution
		SolutionGuid = {1130C124-14D0-4B6A-8C5B-6337F0E74579}
	EndGlobalSection
EndGlobal
